
Microsoft Visual Studio Solution File, Format Version 12.00
# Visual Studio 14
VisualStudioVersion = 14.0.25420.1
MinimumVisualStudioVersion = 10.0.40219.1
Project("{E24C65DC-7377-472B-9ABA-BC803B73C61A}") = "ChinookWeb", "ChinookWeb\", "{00624814-0322-47D8-885A-887FC97124CD}"
	ProjectSection(WebsiteProperties) = preProject
		TargetFrameworkMoniker = ".NETFramework,Version%3Dv4.5.2"
		ProjectReferences = "{81b74713-d687-48bf-8d62-81010e3b30e6}|ChinookSystem.Data.dll;{d7eaccbf-75bb-4946-97ea-1b618b36e0a9}|ChinookSystem.dll;"
		Debug.AspNetCompiler.VirtualPath = "/localhost_49947"
		Debug.AspNetCompiler.PhysicalPath = "ChinookWeb\"
		Debug.AspNetCompiler.TargetPath = "PrecompiledWeb\localhost_49947\"
		Debug.AspNetCompiler.Updateable = "true"
		Debug.AspNetCompiler.ForceOverwrite = "true"
		Debug.AspNetCompiler.FixedNames = "false"
		Debug.AspNetCompiler.Debug = "True"
		Release.AspNetCompiler.VirtualPath = "/localhost_49947"
		Release.AspNetCompiler.PhysicalPath = "ChinookWeb\"
		Release.AspNetCompiler.TargetPath = "PrecompiledWeb\localhost_49947\"
		Release.AspNetCompiler.Updateable = "true"
		Release.AspNetCompiler.ForceOverwrite = "true"
		Release.AspNetCompiler.FixedNames = "false"
		Release.AspNetCompiler.Debug = "False"
		VWDPort = "49947"
		SlnRelativePath = "ChinookWeb\"
		DefaultWebSiteLanguage = "Visual C#"
	EndProjectSection
EndProject
Project("{FAE04EC0-301F-11D3-BF4B-00C04F79EFBC}") = "ChinookSystem", "ChinookSystem\ChinookSystem.csproj", "{D7EACCBF-75BB-4946-97EA-1B618B36E0A9}"
EndProject
Project("{FAE04EC0-301F-11D3-BF4B-00C04F79EFBC}") = "ChinookSystem.Data", "ChinookSystem.Data\ChinookSystem.Data.csproj", "{81B74713-D687-48BF-8D62-81010E3B30E6}"
EndProject
Global
	GlobalSection(SolutionConfigurationPlatforms) = preSolution
		Debug|Any CPU = Debug|Any CPU
		Release|Any CPU = Release|Any CPU
	EndGlobalSection
	GlobalSection(ProjectConfigurationPlatforms) = postSolution
		{00624814-0322-47D8-885A-887FC97124CD}.Debug|Any CPU.ActiveCfg = Debug|Any CPU
		{00624814-0322-47D8-885A-887FC97124CD}.Debug|Any CPU.Build.0 = Debug|Any CPU
		{00624814-0322-47D8-885A-887FC97124CD}.Release|Any CPU.ActiveCfg = Debug|Any CPU
		{00624814-0322-47D8-885A-887FC97124CD}.Release|Any CPU.Build.0 = Debug|Any CPU
		{D7EACCBF-75BB-4946-97EA-1B618B36E0A9}.Debug|Any CPU.ActiveCfg = Debug|Any CPU
		{D7EACCBF-75BB-4946-97EA-1B618B36E0A9}.Debug|Any CPU.Build.0 = Debug|Any CPU
		{D7EACCBF-75BB-4946-97EA-1B618B36E0A9}.Release|Any CPU.ActiveCfg = Release|Any CPU
		{D7EACCBF-75BB-4946-97EA-1B618B36E0A9}.Release|Any CPU.Build.0 = Release|Any CPU
		{81B74713-D687-48BF-8D62-81010E3B30E6}.Debug|Any CPU.ActiveCfg = Debug|Any CPU
		{81B74713-D687-48BF-8D62-81010E3B30E6}.Debug|Any CPU.Build.0 = Debug|Any CPU
		{81B74713-D687-48BF-8D62-81010E3B30E6}.Release|Any CPU.ActiveCfg = Release|Any CPU
		{81B74713-D687-48BF-8D62-81010E3B30E6}.Release|Any CPU.Build.0 = Release|Any CPU
	EndGlobalSection
	GlobalSection(SolutionProperties) = preSolution
		HideSolutionNode = FALSE
	EndGlobalSection
EndGlobal
